
Microsoft Visual Studio Solution File, Format Version 12.00
# Visual Studio Version 17
VisualStudioVersion = 17.2.32616.157
MinimumVisualStudioVersion = 10.0.40219.1
Project("{FAE04EC0-301F-11D3-BF4B-00C04F79EFBC}") = "Daily-Newspaper-Tools", "Daily-Newspaper-Tools\Daily-Newspaper-Tools.csproj", "{F1108E26-494E-4009-8104-37F0D708A61A}"
EndProject
Project("{FAE04EC0-301F-11D3-BF4B-00C04F79EFBC}") = "DAL", "DAL\DAL.csproj", "{465204CA-B5CC-479D-A8F3-12DEB42CD126}"
EndProject
Project("{FAE04EC0-301F-11D3-BF4B-00C04F79EFBC}") = "ToolsHelper", "ToolsHelper\ToolsHelper.csproj", "{E4D8607B-D75B-4824-A2EC-5B95B6736342}"
EndProject
Global
	GlobalSection(SolutionConfigurationPlatforms) = preSolution
		Debug|Any CPU = Debug|Any CPU
		Release|Any CPU = Release|Any CPU
	EndGlobalSection
	GlobalSection(ProjectConfigurationPlatforms) = postSolution
		{F1108E26-494E-4009-8104-37F0D708A61A}.Debug|Any CPU.ActiveCfg = Debug|Any CPU
		{F1108E26-494E-4009-8104-37F0D708A61A}.Debug|Any CPU.Build.0 = Debug|Any CPU
		{F1108E26-494E-4009-8104-37F0D708A61A}.Release|Any CPU.ActiveCfg = Release|Any CPU
		{F1108E26-494E-4009-8104-37F0D708A61A}.Release|Any CPU.Build.0 = Release|Any CPU
		{465204CA-B5CC-479D-A8F3-12DEB42CD126}.Debug|Any CPU.ActiveCfg = Debug|Any CPU
		{465204CA-B5CC-479D-A8F3-12DEB42CD126}.Debug|Any CPU.Build.0 = Debug|Any CPU
		{465204CA-B5CC-479D-A8F3-12DEB42CD126}.Release|Any CPU.ActiveCfg = Release|Any CPU
		{465204CA-B5CC-479D-A8F3-12DEB42CD126}.Release|Any CPU.Build.0 = Release|Any CPU
		{E4D8607B-D75B-4824-A2EC-5B95B6736342}.Debug|Any CPU.ActiveCfg = Debug|Any CPU
		{E4D8607B-D75B-4824-A2EC-5B95B6736342}.Debug|Any CPU.Build.0 = Debug|Any CPU
		{E4D8607B-D75B-4824-A2EC-5B95B6736342}.Release|Any CPU.ActiveCfg = Release|Any CPU
		{E4D8607B-D75B-4824-A2EC-5B95B6736342}.Release|Any CPU.Build.0 = Release|Any CPU
	EndGlobalSection
	GlobalSection(SolutionProperties) = preSolution
		HideSolutionNode = FALSE
	EndGlobalSection
	GlobalSection(ExtensibilityGlobals) = postSolution
		SolutionGuid = {69FA82D1-6954-435B-A600-13480FFD5307}
	EndGlobalSection
EndGlobal
